
Microsoft Visual Studio Solution File, Format Version 12.00
# Visual Studio Version 17
VisualStudioVersion = 17.0.31912.275
MinimumVisualStudioVersion = 10.0.40219.1
Project("{888888A0-9F3D-457C-B088-3A5042F75D52}") = "ProfessorShowdownV2", "ProfessorShowdownV2.pyproj", "{23BD9B64-C364-48AA-BDE5-7DBBDDB7575B}"
EndProject
Global
	GlobalSection(SolutionConfigurationPlatforms) = preSolution
		Debug|Any CPU = Debug|Any CPU
		Release|Any CPU = Release|Any CPU
	EndGlobalSection
	GlobalSection(ProjectConfigurationPlatforms) = postSolution
		{23BD9B64-C364-48AA-BDE5-7DBBDDB7575B}.Debug|Any CPU.ActiveCfg = Debug|Any CPU
		{23BD9B64-C364-48AA-BDE5-7DBBDDB7575B}.Release|Any CPU.ActiveCfg = Release|Any CPU
	EndGlobalSection
	GlobalSection(SolutionProperties) = preSolution
		HideSolutionNode = FALSE
	EndGlobalSection
	GlobalSection(ExtensibilityGlobals) = postSolution
		SolutionGuid = {5CD1A3C7-2A44-493D-92D3-BC552232CABA}
	EndGlobalSection
EndGlobal
